# THIS IS AN AUTOGENERATED FILE. DO NOT EDIT THIS FILE DIRECTLY.
# yarn lockfile v1


"@types/node@^22.15.3":
  version "22.15.3"
  resolved "https://registry.yarnpkg.com/@types/node/-/node-22.15.3.tgz#b7fb9396a8ec5b5dfb1345d8ac2502060e9af68b"
  integrity sha512-lX7HFZeHf4QG/J7tBZqrCAXwz9J5RD56Y6MpP0eJkka8p+K0RY/yBTW7CYFJ4VGCclxqOLKmiGP5juQc6MKgcw==
  dependencies:
    undici-types "~6.21.0"

"@yuuang/ffi-rs-android-arm64@1.2.10":
  version "1.2.10"
  resolved "https://registry.yarnpkg.com/@yuuang/ffi-rs-android-arm64/-/ffi-rs-android-arm64-1.2.10.tgz#42b0a0db831a9775a686b6bdc644f8afc30ce902"
  integrity sha512-jkYl/qJnhlY3sjhkDnerLfCqVpqrmKUruOy2WbYS9Lu8sRIDBEmuWx5JYSMtB7o9dLE4JY+8YhSPulhBTYbANw==

"@yuuang/ffi-rs-darwin-arm64@1.2.10":
  version "1.2.10"
  resolved "https://registry.yarnpkg.com/@yuuang/ffi-rs-darwin-arm64/-/ffi-rs-darwin-arm64-1.2.10.tgz#09ee977a3455b1a2450d1b814ed5329258430b2c"
  integrity sha512-iezEXSSLtQvcV8r9rgmCPjfzff5PUvIxKGlgtdj7Ue+FAcM89pzW0VLA0SriamGrWVG+P1DnR0796m7/76Njww==

"@yuuang/ffi-rs-darwin-x64@1.2.10":
  version "1.2.10"
  resolved "https://registry.yarnpkg.com/@yuuang/ffi-rs-darwin-x64/-/ffi-rs-darwin-x64-1.2.10.tgz#ea3bcc6f46835ffd801147c44ffc232692192b02"
  integrity sha512-Hvqm7kFXBPDqEK88Jsp8UXKDQpXeQqNSdkX3YepIooZ/d/bqmV8NjpdNRG0YW8ATpi8Dl1DbFdmO5tLgQcnUXg==

"@yuuang/ffi-rs-linux-arm-gnueabihf@1.2.10":
  version "1.2.10"
  resolved "https://registry.yarnpkg.com/@yuuang/ffi-rs-linux-arm-gnueabihf/-/ffi-rs-linux-arm-gnueabihf-1.2.10.tgz#ff384ee05f27f4860efb3fc1b97c1b4029f5622b"
  integrity sha512-rh8QyQZv/7M13BXIrQeZ1IS32U5R7XUM6fuNalVZhNKw86AsioNWS54S6lwRH+2qtIfMNslw1/KtlchbeOBJSw==

"@yuuang/ffi-rs-linux-arm64-gnu@1.2.10":
  version "1.2.10"
  resolved "https://registry.yarnpkg.com/@yuuang/ffi-rs-linux-arm64-gnu/-/ffi-rs-linux-arm64-gnu-1.2.10.tgz#b15c2b5a7ba2fb9adbbd1ddb074c6915be579e6b"
  integrity sha512-0KNATJlYyCcdklOLsii/bq0JtMBGCdbDt9fAXmQ0GzZkuJB9eB0QhdwuVSwOvjoY6do1hIqv8r7GdoIBp3ajkg==

"@yuuang/ffi-rs-linux-arm64-musl@1.2.10":
  version "1.2.10"
  resolved "https://registry.yarnpkg.com/@yuuang/ffi-rs-linux-arm64-musl/-/ffi-rs-linux-arm64-musl-1.2.10.tgz#fe5066053fc5d2c02a296cc592a2e608e49ff34d"
  integrity sha512-g8vMwGStVNN6/gtMtxw8DeZWhxK5Z0MuQqIRRFF/FVQFTLhrHRmxJ1NfXlRWgHJzECaWlTNwrnFPB7j48O8FcQ==

"@yuuang/ffi-rs-linux-x64-gnu@1.2.10":
  version "1.2.10"
  resolved "https://registry.yarnpkg.com/@yuuang/ffi-rs-linux-x64-gnu/-/ffi-rs-linux-x64-gnu-1.2.10.tgz#cfb8fd6243b76ebe332e1ed1f77603a7d5f06c53"
  integrity sha512-wNGpsVhphbQCZJo/4Bkgjq0qyMv55rTXy+117hC2GTGpYDmhcV2tVfEugfDiQr64QUkF4I7NRSU40xtuYZ6ORg==

"@yuuang/ffi-rs-linux-x64-musl@1.2.10":
  version "1.2.10"
  resolved "https://registry.yarnpkg.com/@yuuang/ffi-rs-linux-x64-musl/-/ffi-rs-linux-x64-musl-1.2.10.tgz#44eb4dbb8f0a903e4b676c41827c85f7949c88a3"
  integrity sha512-kpFQS/us9QWstdyrKKdmFfRe95iYBdT0/0ct+Rqj3sWZgKhy45kheZbfOGVGKC6IKd0ZtSmCeLf4vvFXBX8nmw==

"@yuuang/ffi-rs-win32-arm64-msvc@1.2.10":
  version "1.2.10"
  resolved "https://registry.yarnpkg.com/@yuuang/ffi-rs-win32-arm64-msvc/-/ffi-rs-win32-arm64-msvc-1.2.10.tgz#88ebbbfa054e1c092c586eb55b9fb65d9e4c0850"
  integrity sha512-8wPV1fNTmX0Ct95NSd7PJyqhd+b1zthwIGIZITTSK6wEQufCwm3UduhcrlZr9FamnBnskwL19nWpM4foQFcPQw==

"@yuuang/ffi-rs-win32-ia32-msvc@1.2.10":
  version "1.2.10"
  resolved "https://registry.yarnpkg.com/@yuuang/ffi-rs-win32-ia32-msvc/-/ffi-rs-win32-ia32-msvc-1.2.10.tgz#48a4414e2ce0d613abc87282c1f297e893dbc022"
  integrity sha512-3G2vYAEPpyEErkpr9PGuULfm5sbtvsn3RFt+5nh/RB+kTG/HP8mai+gNHQIE6I//udZE8w6RhYXuZMB2Ri2+zw==

"@yuuang/ffi-rs-win32-x64-msvc@1.2.10":
  version "1.2.10"
  resolved "https://registry.yarnpkg.com/@yuuang/ffi-rs-win32-x64-msvc/-/ffi-rs-win32-x64-msvc-1.2.10.tgz#5f9df030b8891595283668be40290394328ef826"
  integrity sha512-hAv+RHe1WMB5gk4QDRC8/T9Tw9YiE6DqNNnw+Snl2xbDJ2xyr8B7cHit0OgRX11G9f6l8cjOtzSz+qGncFF5tA==

ffi-rs@^1.2.10:
  version "1.2.10"
  resolved "https://registry.yarnpkg.com/ffi-rs/-/ffi-rs-1.2.10.tgz#d5681aef3df4a49e8b183e1a2498278f8fbb1dda"
  integrity sha512-veJXMuLkQRdoFi/WULIyBUi2pOg4HMJvSbnVwDBKlRZJZ63BArDKm+k4NzXTjL68T2V+Aj3Fu9g4Iefph14c5g==
  optionalDependencies:
    "@yuuang/ffi-rs-android-arm64" "1.2.10"
    "@yuuang/ffi-rs-darwin-arm64" "1.2.10"
    "@yuuang/ffi-rs-darwin-x64" "1.2.10"
    "@yuuang/ffi-rs-linux-arm-gnueabihf" "1.2.10"
    "@yuuang/ffi-rs-linux-arm64-gnu" "1.2.10"
    "@yuuang/ffi-rs-linux-arm64-musl" "1.2.10"
    "@yuuang/ffi-rs-linux-x64-gnu" "1.2.10"
    "@yuuang/ffi-rs-linux-x64-musl" "1.2.10"
    "@yuuang/ffi-rs-win32-arm64-msvc" "1.2.10"
    "@yuuang/ffi-rs-win32-ia32-msvc" "1.2.10"
    "@yuuang/ffi-rs-win32-x64-msvc" "1.2.10"

undici-types@~6.21.0:
  version "6.21.0"
  resolved "https://registry.yarnpkg.com/undici-types/-/undici-types-6.21.0.tgz#691d00af3909be93a7faa13be61b3a5b50ef12cb"
  integrity sha512-iwDZqg0QAGrg9Rav5H4n0M64c3mkR59cJ6wQp+7C4nI0gsmExaedaYLNO44eT4AtBBwjbTiGPMlt2Md0T9H9JQ==
